
Microsoft Visual Studio Solution File, Format Version 12.00
# Visual Studio Version 16
VisualStudioVersion = 16.0.31321.278
MinimumVisualStudioVersion = 10.0.40219.1
Project("{FAE04EC0-301F-11D3-BF4B-00C04F79EFBC}") = "Volteo_De_Cadenas_", "Volteo_De_Cadenas_\Volteo_De_Cadenas_.csproj", "{2CD85282-C7DB-466B-B4D0-5219881E18BA}"
EndProject
Global
	GlobalSection(SolutionConfigurationPlatforms) = preSolution
		Debug|Any CPU = Debug|Any CPU
		Release|Any CPU = Release|Any CPU
	EndGlobalSection
	GlobalSection(ProjectConfigurationPlatforms) = postSolution
		{2CD85282-C7DB-466B-B4D0-5219881E18BA}.Debug|Any CPU.ActiveCfg = Debug|Any CPU
		{2CD85282-C7DB-466B-B4D0-5219881E18BA}.Debug|Any CPU.Build.0 = Debug|Any CPU
		{2CD85282-C7DB-466B-B4D0-5219881E18BA}.Release|Any CPU.ActiveCfg = Release|Any CPU
		{2CD85282-C7DB-466B-B4D0-5219881E18BA}.Release|Any CPU.Build.0 = Release|Any CPU
	EndGlobalSection
	GlobalSection(SolutionProperties) = preSolution
		HideSolutionNode = FALSE
	EndGlobalSection
	GlobalSection(ExtensibilityGlobals) = postSolution
		SolutionGuid = {A320F2AB-E41C-4236-AAD7-3076A8450B2F}
	EndGlobalSection
EndGlobal
